
Microsoft Visual Studio Solution File, Format Version 12.00
# Visual Studio Version 16
VisualStudioVersion = 16.0.29001.49
MinimumVisualStudioVersion = 10.0.40219.1
Project("{FAE04EC0-301F-11D3-BF4B-00C04F79EFBC}") = "MVCWorkShop2", "MVCWorkShop2\MVCWorkShop2.csproj", "{3D052E7E-EE9A-4F47-B621-BD9461DF3DEC}"
EndProject
Project("{FAE04EC0-301F-11D3-BF4B-00C04F79EFBC}") = "LB.Model", "LB.Model\LB.Model.csproj", "{1D48BE35-02AC-43D2-ACEE-73C3CCC9BDDE}"
EndProject
Project("{FAE04EC0-301F-11D3-BF4B-00C04F79EFBC}") = "LB.Service", "LB.Service\LB.Service.csproj", "{417E974E-B630-4E2A-9F6C-2CE1E0F29EFF}"
EndProject
Project("{FAE04EC0-301F-11D3-BF4B-00C04F79EFBC}") = "LB.Dao", "LB.Dao\LB.Dao.csproj", "{6F72509B-37C3-427F-BA33-C0BBEC9A0F61}"
EndProject
Project("{FAE04EC0-301F-11D3-BF4B-00C04F79EFBC}") = "LB.Common", "LB.Common\LB.Common.csproj", "{0D7C225F-334A-47B5-9F53-6C0CFF437238}"
EndProject
Global
	GlobalSection(SolutionConfigurationPlatforms) = preSolution
		Debug|Any CPU = Debug|Any CPU
		Release|Any CPU = Release|Any CPU
	EndGlobalSection
	GlobalSection(ProjectConfigurationPlatforms) = postSolution
		{3D052E7E-EE9A-4F47-B621-BD9461DF3DEC}.Debug|Any CPU.ActiveCfg = Debug|Any CPU
		{3D052E7E-EE9A-4F47-B621-BD9461DF3DEC}.Debug|Any CPU.Build.0 = Debug|Any CPU
		{3D052E7E-EE9A-4F47-B621-BD9461DF3DEC}.Release|Any CPU.ActiveCfg = Release|Any CPU
		{3D052E7E-EE9A-4F47-B621-BD9461DF3DEC}.Release|Any CPU.Build.0 = Release|Any CPU
		{1D48BE35-02AC-43D2-ACEE-73C3CCC9BDDE}.Debug|Any CPU.ActiveCfg = Debug|Any CPU
		{1D48BE35-02AC-43D2-ACEE-73C3CCC9BDDE}.Debug|Any CPU.Build.0 = Debug|Any CPU
		{1D48BE35-02AC-43D2-ACEE-73C3CCC9BDDE}.Release|Any CPU.ActiveCfg = Release|Any CPU
		{1D48BE35-02AC-43D2-ACEE-73C3CCC9BDDE}.Release|Any CPU.Build.0 = Release|Any CPU
		{417E974E-B630-4E2A-9F6C-2CE1E0F29EFF}.Debug|Any CPU.ActiveCfg = Debug|Any CPU
		{417E974E-B630-4E2A-9F6C-2CE1E0F29EFF}.Debug|Any CPU.Build.0 = Debug|Any CPU
		{417E974E-B630-4E2A-9F6C-2CE1E0F29EFF}.Release|Any CPU.ActiveCfg = Release|Any CPU
		{417E974E-B630-4E2A-9F6C-2CE1E0F29EFF}.Release|Any CPU.Build.0 = Release|Any CPU
		{6F72509B-37C3-427F-BA33-C0BBEC9A0F61}.Debug|Any CPU.ActiveCfg = Debug|Any CPU
		{6F72509B-37C3-427F-BA33-C0BBEC9A0F61}.Debug|Any CPU.Build.0 = Debug|Any CPU
		{6F72509B-37C3-427F-BA33-C0BBEC9A0F61}.Release|Any CPU.ActiveCfg = Release|Any CPU
		{6F72509B-37C3-427F-BA33-C0BBEC9A0F61}.Release|Any CPU.Build.0 = Release|Any CPU
		{0D7C225F-334A-47B5-9F53-6C0CFF437238}.Debug|Any CPU.ActiveCfg = Debug|Any CPU
		{0D7C225F-334A-47B5-9F53-6C0CFF437238}.Debug|Any CPU.Build.0 = Debug|Any CPU
		{0D7C225F-334A-47B5-9F53-6C0CFF437238}.Release|Any CPU.ActiveCfg = Release|Any CPU
		{0D7C225F-334A-47B5-9F53-6C0CFF437238}.Release|Any CPU.Build.0 = Release|Any CPU
	EndGlobalSection
	GlobalSection(SolutionProperties) = preSolution
		HideSolutionNode = FALSE
	EndGlobalSection
	GlobalSection(ExtensibilityGlobals) = postSolution
		SolutionGuid = {F1A77D2C-A4CA-4173-AB3F-792B9AEE4C44}
	EndGlobalSection
EndGlobal
